
Microsoft Visual Studio Solution File, Format Version 12.00
# Visual Studio Version 17
VisualStudioVersion = 17.0.31903.59
MinimumVisualStudioVersion = 10.0.40219.1
Project("{2150E333-8FDC-42A3-9474-1A3956D46DE8}") = "src", "src", "{331EEAE0-67CD-4904-9A86-C1554C14BA5B}"
EndProject
Project("{FAE04EC0-301F-11D3-BF4B-00C04F79EFBC}") = "WidgetData.Domain", "src\WidgetData.Domain\WidgetData.Domain.csproj", "{C35F34E9-5EED-4937-8585-716157D60ED0}"
EndProject
Project("{FAE04EC0-301F-11D3-BF4B-00C04F79EFBC}") = "WidgetData.Application", "src\WidgetData.Application\WidgetData.Application.csproj", "{66678E36-EF32-45D9-B2FD-C447E53CD410}"
EndProject
Project("{FAE04EC0-301F-11D3-BF4B-00C04F79EFBC}") = "WidgetData.Infrastructure", "src\WidgetData.Infrastructure\WidgetData.Infrastructure.csproj", "{E364E4FF-5C43-4018-A692-834473C09445}"
EndProject
Project("{FAE04EC0-301F-11D3-BF4B-00C04F79EFBC}") = "WidgetData.API", "src\WidgetData.API\WidgetData.API.csproj", "{D31DBA8E-4B20-4422-90F2-D4242F729CD3}"
EndProject
Project("{FAE04EC0-301F-11D3-BF4B-00C04F79EFBC}") = "WidgetData.Web", "src\WidgetData.Web\WidgetData.Web.csproj", "{09968E10-7D44-43FA-B34B-7C0DFF64FA95}"
EndProject
Project("{FAE04EC0-301F-11D3-BF4B-00C04F79EFBC}") = "WidgetData.ServiceDefaults", "src\WidgetData.ServiceDefaults\WidgetData.ServiceDefaults.csproj", "{A1B2C3D4-E5F6-7890-ABCD-EF1234567890}"
EndProject
Project("{FAE04EC0-301F-11D3-BF4B-00C04F79EFBC}") = "WidgetData.AppHost", "src\WidgetData.AppHost\WidgetData.AppHost.csproj", "{B2C3D4E5-F6A7-8901-BCDE-F12345678901}"
EndProject
Project("{FAE04EC0-301F-11D3-BF4B-00C04F79EFBC}") = "WidgetData.Gateway", "src\WidgetData.Gateway\WidgetData.Gateway.csproj", "{C3D4E5F6-A7B8-9012-CDEF-123456789012}"
EndProject
Project("{2150E333-8FDC-42A3-9474-1A3956D46DE8}") = "tests", "tests", "{52B0FFC6-B013-4CED-9280-DBD42818F1BB}"
EndProject
Project("{FAE04EC0-301F-11D3-BF4B-00C04F79EFBC}") = "WidgetData.Tests", "tests\WidgetData.Tests\WidgetData.Tests.csproj", "{3B1BA4B0-43BB-4793-BEDA-429DFFEF542A}"
EndProject
Project("{2150E333-8FDC-42A3-9474-1A3956D46DE8}") = "demo", "demo", "{A39C23D2-F2C0-258D-165A-CF1E7FEE6E7B}"
EndProject
Project("{2150E333-8FDC-42A3-9474-1A3956D46DE8}") = "shop", "shop", "{262E47F6-6B3E-F034-3072-4F6A92BF07CF}"
EndProject
Project("{FAE04EC0-301F-11D3-BF4B-00C04F79EFBC}") = "shop-admin", "demo\shop\shop-admin\shop-admin.csproj", "{C83B1B4F-873B-4307-B258-B4D422833A68}"
EndProject
Project("{2150E333-8FDC-42A3-9474-1A3956D46DE8}") = "news", "news", "{D1E2F3A4-B5C6-7890-DEFA-123456789ABC}"
EndProject
Project("{FAE04EC0-301F-11D3-BF4B-00C04F79EFBC}") = "news-front", "demo\news\news-front\news-front.csproj", "{E2F3A4B5-C6D7-8901-EFAB-234567890BCD}"
EndProject
Project("{2150E333-8FDC-42A3-9474-1A3956D46DE8}") = "course", "course", "{F3A4B5C6-D7E8-9012-FABC-345678901CDE}"
EndProject
Project("{FAE04EC0-301F-11D3-BF4B-00C04F79EFBC}") = "course-front", "demo\course\course-front\course-front.csproj", "{A4B5C6D7-E8F9-0123-ABCD-456789012DEF}"
EndProject
Global
	GlobalSection(SolutionConfigurationPlatforms) = preSolution
		Debug|Any CPU = Debug|Any CPU
		Debug|x64 = Debug|x64
		Debug|x86 = Debug|x86
		Release|Any CPU = Release|Any CPU
		Release|x64 = Release|x64
		Release|x86 = Release|x86
	EndGlobalSection
	GlobalSection(ProjectConfigurationPlatforms) = postSolution
		{C35F34E9-5EED-4937-8585-716157D60ED0}.Debug|Any CPU.ActiveCfg = Debug|Any CPU
		{C35F34E9-5EED-4937-8585-716157D60ED0}.Debug|Any CPU.Build.0 = Debug|Any CPU
		{C35F34E9-5EED-4937-8585-716157D60ED0}.Debug|x64.ActiveCfg = Debug|Any CPU
		{C35F34E9-5EED-4937-8585-716157D60ED0}.Debug|x64.Build.0 = Debug|Any CPU
		{C35F34E9-5EED-4937-8585-716157D60ED0}.Debug|x86.ActiveCfg = Debug|Any CPU
		{C35F34E9-5EED-4937-8585-716157D60ED0}.Debug|x86.Build.0 = Debug|Any CPU
		{C35F34E9-5EED-4937-8585-716157D60ED0}.Release|Any CPU.ActiveCfg = Release|Any CPU
		{C35F34E9-5EED-4937-8585-716157D60ED0}.Release|Any CPU.Build.0 = Release|Any CPU
		{C35F34E9-5EED-4937-8585-716157D60ED0}.Release|x64.ActiveCfg = Release|Any CPU
		{C35F34E9-5EED-4937-8585-716157D60ED0}.Release|x64.Build.0 = Release|Any CPU
		{C35F34E9-5EED-4937-8585-716157D60ED0}.Release|x86.ActiveCfg = Release|Any CPU
		{C35F34E9-5EED-4937-8585-716157D60ED0}.Release|x86.Build.0 = Release|Any CPU
		{66678E36-EF32-45D9-B2FD-C447E53CD410}.Debug|Any CPU.ActiveCfg = Debug|Any CPU
		{66678E36-EF32-45D9-B2FD-C447E53CD410}.Debug|Any CPU.Build.0 = Debug|Any CPU
		{66678E36-EF32-45D9-B2FD-C447E53CD410}.Debug|x64.ActiveCfg = Debug|Any CPU
		{66678E36-EF32-45D9-B2FD-C447E53CD410}.Debug|x64.Build.0 = Debug|Any CPU
		{66678E36-EF32-45D9-B2FD-C447E53CD410}.Debug|x86.ActiveCfg = Debug|Any CPU
		{66678E36-EF32-45D9-B2FD-C447E53CD410}.Debug|x86.Build.0 = Debug|Any CPU
		{66678E36-EF32-45D9-B2FD-C447E53CD410}.Release|Any CPU.ActiveCfg = Release|Any CPU
		{66678E36-EF32-45D9-B2FD-C447E53CD410}.Release|Any CPU.Build.0 = Release|Any CPU
		{66678E36-EF32-45D9-B2FD-C447E53CD410}.Release|x64.ActiveCfg = Release|Any CPU
		{66678E36-EF32-45D9-B2FD-C447E53CD410}.Release|x64.Build.0 = Release|Any CPU
		{66678E36-EF32-45D9-B2FD-C447E53CD410}.Release|x86.ActiveCfg = Release|Any CPU
		{66678E36-EF32-45D9-B2FD-C447E53CD410}.Release|x86.Build.0 = Release|Any CPU
		{E364E4FF-5C43-4018-A692-834473C09445}.Debug|Any CPU.ActiveCfg = Debug|Any CPU
		{E364E4FF-5C43-4018-A692-834473C09445}.Debug|Any CPU.Build.0 = Debug|Any CPU
		{E364E4FF-5C43-4018-A692-834473C09445}.Debug|x64.ActiveCfg = Debug|Any CPU
		{E364E4FF-5C43-4018-A692-834473C09445}.Debug|x64.Build.0 = Debug|Any CPU
		{E364E4FF-5C43-4018-A692-834473C09445}.Debug|x86.ActiveCfg = Debug|Any CPU
		{E364E4FF-5C43-4018-A692-834473C09445}.Debug|x86.Build.0 = Debug|Any CPU
		{E364E4FF-5C43-4018-A692-834473C09445}.Release|Any CPU.ActiveCfg = Release|Any CPU
		{E364E4FF-5C43-4018-A692-834473C09445}.Release|Any CPU.Build.0 = Release|Any CPU
		{E364E4FF-5C43-4018-A692-834473C09445}.Release|x64.ActiveCfg = Release|Any CPU
		{E364E4FF-5C43-4018-A692-834473C09445}.Release|x64.Build.0 = Release|Any CPU
		{E364E4FF-5C43-4018-A692-834473C09445}.Release|x86.ActiveCfg = Release|Any CPU
		{E364E4FF-5C43-4018-A692-834473C09445}.Release|x86.Build.0 = Release|Any CPU
		{D31DBA8E-4B20-4422-90F2-D4242F729CD3}.Debug|Any CPU.ActiveCfg = Debug|Any CPU
		{D31DBA8E-4B20-4422-90F2-D4242F729CD3}.Debug|Any CPU.Build.0 = Debug|Any CPU
		{D31DBA8E-4B20-4422-90F2-D4242F729CD3}.Debug|x64.ActiveCfg = Debug|Any CPU
		{D31DBA8E-4B20-4422-90F2-D4242F729CD3}.Debug|x64.Build.0 = Debug|Any CPU
		{D31DBA8E-4B20-4422-90F2-D4242F729CD3}.Debug|x86.ActiveCfg = Debug|Any CPU
		{D31DBA8E-4B20-4422-90F2-D4242F729CD3}.Debug|x86.Build.0 = Debug|Any CPU
		{D31DBA8E-4B20-4422-90F2-D4242F729CD3}.Release|Any CPU.ActiveCfg = Release|Any CPU
		{D31DBA8E-4B20-4422-90F2-D4242F729CD3}.Release|Any CPU.Build.0 = Release|Any CPU
		{D31DBA8E-4B20-4422-90F2-D4242F729CD3}.Release|x64.ActiveCfg = Release|Any CPU
		{D31DBA8E-4B20-4422-90F2-D4242F729CD3}.Release|x64.Build.0 = Release|Any CPU
		{D31DBA8E-4B20-4422-90F2-D4242F729CD3}.Release|x86.ActiveCfg = Release|Any CPU
		{D31DBA8E-4B20-4422-90F2-D4242F729CD3}.Release|x86.Build.0 = Release|Any CPU
		{09968E10-7D44-43FA-B34B-7C0DFF64FA95}.Debug|Any CPU.ActiveCfg = Debug|Any CPU
		{09968E10-7D44-43FA-B34B-7C0DFF64FA95}.Debug|Any CPU.Build.0 = Debug|Any CPU
		{09968E10-7D44-43FA-B34B-7C0DFF64FA95}.Debug|x64.ActiveCfg = Debug|Any CPU
		{09968E10-7D44-43FA-B34B-7C0DFF64FA95}.Debug|x64.Build.0 = Debug|Any CPU
		{09968E10-7D44-43FA-B34B-7C0DFF64FA95}.Debug|x86.ActiveCfg = Debug|Any CPU
		{09968E10-7D44-43FA-B34B-7C0DFF64FA95}.Debug|x86.Build.0 = Debug|Any CPU
		{09968E10-7D44-43FA-B34B-7C0DFF64FA95}.Release|Any CPU.ActiveCfg = Release|Any CPU
		{09968E10-7D44-43FA-B34B-7C0DFF64FA95}.Release|Any CPU.Build.0 = Release|Any CPU
		{09968E10-7D44-43FA-B34B-7C0DFF64FA95}.Release|x64.ActiveCfg = Release|Any CPU
		{09968E10-7D44-43FA-B34B-7C0DFF64FA95}.Release|x64.Build.0 = Release|Any CPU
		{09968E10-7D44-43FA-B34B-7C0DFF64FA95}.Release|x86.ActiveCfg = Release|Any CPU
		{09968E10-7D44-43FA-B34B-7C0DFF64FA95}.Release|x86.Build.0 = Release|Any CPU
		{A1B2C3D4-E5F6-7890-ABCD-EF1234567890}.Debug|Any CPU.ActiveCfg = Debug|Any CPU
		{A1B2C3D4-E5F6-7890-ABCD-EF1234567890}.Debug|Any CPU.Build.0 = Debug|Any CPU
		{A1B2C3D4-E5F6-7890-ABCD-EF1234567890}.Debug|x64.ActiveCfg = Debug|Any CPU
		{A1B2C3D4-E5F6-7890-ABCD-EF1234567890}.Debug|x64.Build.0 = Debug|Any CPU
		{A1B2C3D4-E5F6-7890-ABCD-EF1234567890}.Debug|x86.ActiveCfg = Debug|Any CPU
		{A1B2C3D4-E5F6-7890-ABCD-EF1234567890}.Debug|x86.Build.0 = Debug|Any CPU
		{A1B2C3D4-E5F6-7890-ABCD-EF1234567890}.Release|Any CPU.ActiveCfg = Release|Any CPU
		{A1B2C3D4-E5F6-7890-ABCD-EF1234567890}.Release|Any CPU.Build.0 = Release|Any CPU
		{A1B2C3D4-E5F6-7890-ABCD-EF1234567890}.Release|x64.ActiveCfg = Release|Any CPU
		{A1B2C3D4-E5F6-7890-ABCD-EF1234567890}.Release|x64.Build.0 = Release|Any CPU
		{A1B2C3D4-E5F6-7890-ABCD-EF1234567890}.Release|x86.ActiveCfg = Release|Any CPU
		{A1B2C3D4-E5F6-7890-ABCD-EF1234567890}.Release|x86.Build.0 = Release|Any CPU
		{B2C3D4E5-F6A7-8901-BCDE-F12345678901}.Debug|Any CPU.ActiveCfg = Debug|Any CPU
		{B2C3D4E5-F6A7-8901-BCDE-F12345678901}.Debug|Any CPU.Build.0 = Debug|Any CPU
		{B2C3D4E5-F6A7-8901-BCDE-F12345678901}.Debug|x64.ActiveCfg = Debug|Any CPU
		{B2C3D4E5-F6A7-8901-BCDE-F12345678901}.Debug|x64.Build.0 = Debug|Any CPU
		{B2C3D4E5-F6A7-8901-BCDE-F12345678901}.Debug|x86.ActiveCfg = Debug|Any CPU
		{B2C3D4E5-F6A7-8901-BCDE-F12345678901}.Debug|x86.Build.0 = Debug|Any CPU
		{B2C3D4E5-F6A7-8901-BCDE-F12345678901}.Release|Any CPU.ActiveCfg = Release|Any CPU
		{B2C3D4E5-F6A7-8901-BCDE-F12345678901}.Release|Any CPU.Build.0 = Release|Any CPU
		{B2C3D4E5-F6A7-8901-BCDE-F12345678901}.Release|x64.ActiveCfg = Release|Any CPU
		{B2C3D4E5-F6A7-8901-BCDE-F12345678901}.Release|x64.Build.0 = Release|Any CPU
		{B2C3D4E5-F6A7-8901-BCDE-F12345678901}.Release|x86.ActiveCfg = Release|Any CPU
		{B2C3D4E5-F6A7-8901-BCDE-F12345678901}.Release|x86.Build.0 = Release|Any CPU
		{C3D4E5F6-A7B8-9012-CDEF-123456789012}.Debug|Any CPU.ActiveCfg = Debug|Any CPU
		{C3D4E5F6-A7B8-9012-CDEF-123456789012}.Debug|Any CPU.Build.0 = Debug|Any CPU
		{C3D4E5F6-A7B8-9012-CDEF-123456789012}.Debug|x64.ActiveCfg = Debug|Any CPU
		{C3D4E5F6-A7B8-9012-CDEF-123456789012}.Debug|x64.Build.0 = Debug|Any CPU
		{C3D4E5F6-A7B8-9012-CDEF-123456789012}.Debug|x86.ActiveCfg = Debug|Any CPU
		{C3D4E5F6-A7B8-9012-CDEF-123456789012}.Debug|x86.Build.0 = Debug|Any CPU
		{C3D4E5F6-A7B8-9012-CDEF-123456789012}.Release|Any CPU.ActiveCfg = Release|Any CPU
		{C3D4E5F6-A7B8-9012-CDEF-123456789012}.Release|Any CPU.Build.0 = Release|Any CPU
		{C3D4E5F6-A7B8-9012-CDEF-123456789012}.Release|x64.ActiveCfg = Release|Any CPU
		{C3D4E5F6-A7B8-9012-CDEF-123456789012}.Release|x64.Build.0 = Release|Any CPU
		{C3D4E5F6-A7B8-9012-CDEF-123456789012}.Release|x86.ActiveCfg = Release|Any CPU
		{C3D4E5F6-A7B8-9012-CDEF-123456789012}.Release|x86.Build.0 = Release|Any CPU
		{3B1BA4B0-43BB-4793-BEDA-429DFFEF542A}.Debug|Any CPU.ActiveCfg = Debug|Any CPU
		{3B1BA4B0-43BB-4793-BEDA-429DFFEF542A}.Debug|Any CPU.Build.0 = Debug|Any CPU
		{3B1BA4B0-43BB-4793-BEDA-429DFFEF542A}.Debug|x64.ActiveCfg = Debug|Any CPU
		{3B1BA4B0-43BB-4793-BEDA-429DFFEF542A}.Debug|x64.Build.0 = Debug|Any CPU
		{3B1BA4B0-43BB-4793-BEDA-429DFFEF542A}.Debug|x86.ActiveCfg = Debug|Any CPU
		{3B1BA4B0-43BB-4793-BEDA-429DFFEF542A}.Debug|x86.Build.0 = Debug|Any CPU
		{3B1BA4B0-43BB-4793-BEDA-429DFFEF542A}.Release|Any CPU.ActiveCfg = Release|Any CPU
		{3B1BA4B0-43BB-4793-BEDA-429DFFEF542A}.Release|Any CPU.Build.0 = Release|Any CPU
		{3B1BA4B0-43BB-4793-BEDA-429DFFEF542A}.Release|x64.ActiveCfg = Release|Any CPU
		{3B1BA4B0-43BB-4793-BEDA-429DFFEF542A}.Release|x64.Build.0 = Release|Any CPU
		{3B1BA4B0-43BB-4793-BEDA-429DFFEF542A}.Release|x86.ActiveCfg = Release|Any CPU
		{3B1BA4B0-43BB-4793-BEDA-429DFFEF542A}.Release|x86.Build.0 = Release|Any CPU
		{C83B1B4F-873B-4307-B258-B4D422833A68}.Debug|Any CPU.ActiveCfg = Debug|Any CPU
		{C83B1B4F-873B-4307-B258-B4D422833A68}.Debug|Any CPU.Build.0 = Debug|Any CPU
		{C83B1B4F-873B-4307-B258-B4D422833A68}.Debug|x64.ActiveCfg = Debug|Any CPU
		{C83B1B4F-873B-4307-B258-B4D422833A68}.Debug|x64.Build.0 = Debug|Any CPU
		{C83B1B4F-873B-4307-B258-B4D422833A68}.Debug|x86.ActiveCfg = Debug|Any CPU
		{C83B1B4F-873B-4307-B258-B4D422833A68}.Debug|x86.Build.0 = Debug|Any CPU
		{C83B1B4F-873B-4307-B258-B4D422833A68}.Release|Any CPU.ActiveCfg = Release|Any CPU
		{C83B1B4F-873B-4307-B258-B4D422833A68}.Release|Any CPU.Build.0 = Release|Any CPU
		{C83B1B4F-873B-4307-B258-B4D422833A68}.Release|x64.ActiveCfg = Release|Any CPU
		{C83B1B4F-873B-4307-B258-B4D422833A68}.Release|x64.Build.0 = Release|Any CPU
		{C83B1B4F-873B-4307-B258-B4D422833A68}.Release|x86.ActiveCfg = Release|Any CPU
		{C83B1B4F-873B-4307-B258-B4D422833A68}.Release|x86.Build.0 = Release|Any CPU
		{E2F3A4B5-C6D7-8901-EFAB-234567890BCD}.Debug|Any CPU.ActiveCfg = Debug|Any CPU
		{E2F3A4B5-C6D7-8901-EFAB-234567890BCD}.Debug|Any CPU.Build.0 = Debug|Any CPU
		{E2F3A4B5-C6D7-8901-EFAB-234567890BCD}.Debug|x64.ActiveCfg = Debug|Any CPU
		{E2F3A4B5-C6D7-8901-EFAB-234567890BCD}.Debug|x64.Build.0 = Debug|Any CPU
		{E2F3A4B5-C6D7-8901-EFAB-234567890BCD}.Debug|x86.ActiveCfg = Debug|Any CPU
		{E2F3A4B5-C6D7-8901-EFAB-234567890BCD}.Debug|x86.Build.0 = Debug|Any CPU
		{E2F3A4B5-C6D7-8901-EFAB-234567890BCD}.Release|Any CPU.ActiveCfg = Release|Any CPU
		{E2F3A4B5-C6D7-8901-EFAB-234567890BCD}.Release|Any CPU.Build.0 = Release|Any CPU
		{E2F3A4B5-C6D7-8901-EFAB-234567890BCD}.Release|x64.ActiveCfg = Release|Any CPU
		{E2F3A4B5-C6D7-8901-EFAB-234567890BCD}.Release|x64.Build.0 = Release|Any CPU
		{E2F3A4B5-C6D7-8901-EFAB-234567890BCD}.Release|x86.ActiveCfg = Release|Any CPU
		{E2F3A4B5-C6D7-8901-EFAB-234567890BCD}.Release|x86.Build.0 = Release|Any CPU
		{A4B5C6D7-E8F9-0123-ABCD-456789012DEF}.Debug|Any CPU.ActiveCfg = Debug|Any CPU
		{A4B5C6D7-E8F9-0123-ABCD-456789012DEF}.Debug|Any CPU.Build.0 = Debug|Any CPU
		{A4B5C6D7-E8F9-0123-ABCD-456789012DEF}.Debug|x64.ActiveCfg = Debug|Any CPU
		{A4B5C6D7-E8F9-0123-ABCD-456789012DEF}.Debug|x64.Build.0 = Debug|Any CPU
		{A4B5C6D7-E8F9-0123-ABCD-456789012DEF}.Debug|x86.ActiveCfg = Debug|Any CPU
		{A4B5C6D7-E8F9-0123-ABCD-456789012DEF}.Debug|x86.Build.0 = Debug|Any CPU
		{A4B5C6D7-E8F9-0123-ABCD-456789012DEF}.Release|Any CPU.ActiveCfg = Release|Any CPU
		{A4B5C6D7-E8F9-0123-ABCD-456789012DEF}.Release|Any CPU.Build.0 = Release|Any CPU
		{A4B5C6D7-E8F9-0123-ABCD-456789012DEF}.Release|x64.ActiveCfg = Release|Any CPU
		{A4B5C6D7-E8F9-0123-ABCD-456789012DEF}.Release|x64.Build.0 = Release|Any CPU
		{A4B5C6D7-E8F9-0123-ABCD-456789012DEF}.Release|x86.ActiveCfg = Release|Any CPU
		{A4B5C6D7-E8F9-0123-ABCD-456789012DEF}.Release|x86.Build.0 = Release|Any CPU
	EndGlobalSection
	GlobalSection(SolutionProperties) = preSolution
		HideSolutionNode = FALSE
	EndGlobalSection
	GlobalSection(NestedProjects) = preSolution
		{C35F34E9-5EED-4937-8585-716157D60ED0} = {331EEAE0-67CD-4904-9A86-C1554C14BA5B}
		{66678E36-EF32-45D9-B2FD-C447E53CD410} = {331EEAE0-67CD-4904-9A86-C1554C14BA5B}
		{E364E4FF-5C43-4018-A692-834473C09445} = {331EEAE0-67CD-4904-9A86-C1554C14BA5B}
		{D31DBA8E-4B20-4422-90F2-D4242F729CD3} = {331EEAE0-67CD-4904-9A86-C1554C14BA5B}
		{09968E10-7D44-43FA-B34B-7C0DFF64FA95} = {331EEAE0-67CD-4904-9A86-C1554C14BA5B}
		{A1B2C3D4-E5F6-7890-ABCD-EF1234567890} = {331EEAE0-67CD-4904-9A86-C1554C14BA5B}
		{B2C3D4E5-F6A7-8901-BCDE-F12345678901} = {331EEAE0-67CD-4904-9A86-C1554C14BA5B}
		{C3D4E5F6-A7B8-9012-CDEF-123456789012} = {331EEAE0-67CD-4904-9A86-C1554C14BA5B}
		{3B1BA4B0-43BB-4793-BEDA-429DFFEF542A} = {52B0FFC6-B013-4CED-9280-DBD42818F1BB}
		{262E47F6-6B3E-F034-3072-4F6A92BF07CF} = {A39C23D2-F2C0-258D-165A-CF1E7FEE6E7B}
		{C83B1B4F-873B-4307-B258-B4D422833A68} = {262E47F6-6B3E-F034-3072-4F6A92BF07CF}
		{D1E2F3A4-B5C6-7890-DEFA-123456789ABC} = {A39C23D2-F2C0-258D-165A-CF1E7FEE6E7B}
		{E2F3A4B5-C6D7-8901-EFAB-234567890BCD} = {D1E2F3A4-B5C6-7890-DEFA-123456789ABC}
		{F3A4B5C6-D7E8-9012-FABC-345678901CDE} = {A39C23D2-F2C0-258D-165A-CF1E7FEE6E7B}
		{A4B5C6D7-E8F9-0123-ABCD-456789012DEF} = {F3A4B5C6-D7E8-9012-FABC-345678901CDE}
	EndGlobalSection
EndGlobal
